
Microsoft Visual Studio Solution File, Format Version 12.00
# Visual Studio Version 17
VisualStudioVersion = 17.9.34622.214
MinimumVisualStudioVersion = 10.0.40219.1
Project("{9A19103F-16F7-4668-BE54-9A1E7A4F7556}") = "ParcelCheckout.Api", "ParcelCheckout.Api\ParcelCheckout.Api.csproj", "{F841E36E-286E-4CD1-AD75-B34F80AD72B4}"
EndProject
Project("{FAE04EC0-301F-11D3-BF4B-00C04F79EFBC}") = "ParcelCheckout.Data", "ParcelCheckout.Data\ParcelCheckout.Data.csproj", "{83F0F4F2-D270-4D5E-9118-FED3316530A1}"
EndProject
Project("{FAE04EC0-301F-11D3-BF4B-00C04F79EFBC}") = "ParcelCheckout.Application", "ParcelCheckout.Application\ParcelCheckout.Application.csproj", "{94FBCFF8-5881-436F-94EC-AB20ADC6A8E8}"
EndProject
Global
	GlobalSection(SolutionConfigurationPlatforms) = preSolution
		Debug|Any CPU = Debug|Any CPU
		Release|Any CPU = Release|Any CPU
	EndGlobalSection
	GlobalSection(ProjectConfigurationPlatforms) = postSolution
		{F841E36E-286E-4CD1-AD75-B34F80AD72B4}.Debug|Any CPU.ActiveCfg = Debug|Any CPU
		{F841E36E-286E-4CD1-AD75-B34F80AD72B4}.Debug|Any CPU.Build.0 = Debug|Any CPU
		{F841E36E-286E-4CD1-AD75-B34F80AD72B4}.Release|Any CPU.ActiveCfg = Release|Any CPU
		{F841E36E-286E-4CD1-AD75-B34F80AD72B4}.Release|Any CPU.Build.0 = Release|Any CPU
		{83F0F4F2-D270-4D5E-9118-FED3316530A1}.Debug|Any CPU.ActiveCfg = Debug|Any CPU
		{83F0F4F2-D270-4D5E-9118-FED3316530A1}.Debug|Any CPU.Build.0 = Debug|Any CPU
		{83F0F4F2-D270-4D5E-9118-FED3316530A1}.Release|Any CPU.ActiveCfg = Release|Any CPU
		{83F0F4F2-D270-4D5E-9118-FED3316530A1}.Release|Any CPU.Build.0 = Release|Any CPU
		{94FBCFF8-5881-436F-94EC-AB20ADC6A8E8}.Debug|Any CPU.ActiveCfg = Debug|Any CPU
		{94FBCFF8-5881-436F-94EC-AB20ADC6A8E8}.Debug|Any CPU.Build.0 = Debug|Any CPU
		{94FBCFF8-5881-436F-94EC-AB20ADC6A8E8}.Release|Any CPU.ActiveCfg = Release|Any CPU
		{94FBCFF8-5881-436F-94EC-AB20ADC6A8E8}.Release|Any CPU.Build.0 = Release|Any CPU
	EndGlobalSection
	GlobalSection(SolutionProperties) = preSolution
		HideSolutionNode = FALSE
	EndGlobalSection
	GlobalSection(ExtensibilityGlobals) = postSolution
		SolutionGuid = {A58265F1-BB3C-413E-9AA5-BC93ACA1FBDB}
	EndGlobalSection
EndGlobal
